
Microsoft Visual Studio Solution File, Format Version 12.00
# Visual Studio Version 17
VisualStudioVersion = 17.11.35327.3
MinimumVisualStudioVersion = 10.0.40219.1
Project("{8BC9CEB8-8B4A-11D0-8D11-00A0C91BC942}") = "AnyIndexedFlatMap？？？？", "AnyIndexedFlatMap？？？？.vcxproj", "{AB1264AC-9A9B-4E83-AF6D-19A367E697C7}"
EndProject
Global
	GlobalSection(SolutionConfigurationPlatforms) = preSolution
		Debug|x64 = Debug|x64
		Debug|x86 = Debug|x86
		Release|x64 = Release|x64
		Release|x86 = Release|x86
	EndGlobalSection
	GlobalSection(ProjectConfigurationPlatforms) = postSolution
		{AB1264AC-9A9B-4E83-AF6D-19A367E697C7}.Debug|x64.ActiveCfg = Debug|x64
		{AB1264AC-9A9B-4E83-AF6D-19A367E697C7}.Debug|x64.Build.0 = Debug|x64
		{AB1264AC-9A9B-4E83-AF6D-19A367E697C7}.Debug|x86.ActiveCfg = Debug|Win32
		{AB1264AC-9A9B-4E83-AF6D-19A367E697C7}.Debug|x86.Build.0 = Debug|Win32
		{AB1264AC-9A9B-4E83-AF6D-19A367E697C7}.Release|x64.ActiveCfg = Release|x64
		{AB1264AC-9A9B-4E83-AF6D-19A367E697C7}.Release|x64.Build.0 = Release|x64
		{AB1264AC-9A9B-4E83-AF6D-19A367E697C7}.Release|x86.ActiveCfg = Release|Win32
		{AB1264AC-9A9B-4E83-AF6D-19A367E697C7}.Release|x86.Build.0 = Release|Win32
	EndGlobalSection
	GlobalSection(SolutionProperties) = preSolution
		HideSolutionNode = FALSE
	EndGlobalSection
	GlobalSection(ExtensibilityGlobals) = postSolution
		SolutionGuid = {D02BC813-7C5C-4B64-93C9-782BB2C7AB25}
	EndGlobalSection
EndGlobal
